{
  "name": "ad-logger",
  "version": "0.0.10",
  "lockfileVersion": 1,
  "requires": true,
  "dependencies": {
    "ad-logger": {
      "version": "0.0.10",
      "resolved": "https://registry.npmjs.org/ad-logger/-/ad-logger-0.0.10.tgz",
      "integrity": "sha512-o2Ka7N8gzWXMorFnDCpJ9mTVr3OBvE5sDPBuNOZR168WLNlhMcKWU3g9P1Byo9pH8MX/dIoltDI7EM2GWYGBow==",
      "requires": {
        "autobind-decorator": "2.4.0",
        "tslib": "1.9.3"
      }
    },
    "asynckit": {
      "version": "0.4.0",
      "resolved": "https://registry.npmjs.org/asynckit/-/asynckit-0.4.0.tgz",
      "integrity": "sha1-x57Zf380y48robyXkLzDZkdLS3k="
    },
    "autobind-decorator": {
      "version": "2.4.0",
      "resolved": "https://registry.npmjs.org/autobind-decorator/-/autobind-decorator-2.4.0.tgz",
      "integrity": "sha512-OGYhWUO72V6DafbF8PM8rm3EPbfuyMZcJhtm5/n26IDwO18pohE4eNazLoCGhPiXOCD0gEGmrbU3849QvM8bbw=="
    },
    "combined-stream": {
      "version": "1.0.7",
      "resolved": "https://registry.npmjs.org/combined-stream/-/combined-stream-1.0.7.tgz",
      "integrity": "sha512-brWl9y6vOB1xYPZcpZde3N9zDByXTosAeMDo4p1wzo6UMOX4vumB+TP1RZ76sfE6Md68Q0NJSrE/gbezd4Ul+w==",
      "requires": {
        "delayed-stream": "1.0.0"
      }
    },
    "delayed-stream": {
      "version": "1.0.0",
      "resolved": "https://registry.npmjs.org/delayed-stream/-/delayed-stream-1.0.0.tgz",
      "integrity": "sha1-3zrhmayt+31ECqrgsp4icrJOxhk="
    },
    "form-data": {
      "version": "2.3.3",
      "resolved": "https://registry.npmjs.org/form-data/-/form-data-2.3.3.tgz",
      "integrity": "sha512-1lLKB2Mu3aGP1Q/2eCOx0fNbRMe7XdwktwOruhfqqd0rIJWwN4Dh+E3hrPSlDCXnSR7UtZ1N38rVXm+6+MEhJQ==",
      "requires": {
        "asynckit": "0.4.0",
        "combined-stream": "1.0.7",
        "mime-types": "2.1.22"
      }
    },
    "memoize-decorator": {
      "version": "1.0.2",
      "resolved": "https://registry.npmjs.org/memoize-decorator/-/memoize-decorator-1.0.2.tgz",
      "integrity": "sha1-YFpBcVxBcdsZKpAJiwCrjW4RAvU=",
      "dev": true
    },
    "mime-db": {
      "version": "1.38.0",
      "resolved": "https://registry.npmjs.org/mime-db/-/mime-db-1.38.0.tgz",
      "integrity": "sha512-bqVioMFFzc2awcdJZIzR3HjZFX20QhilVS7hytkKrv7xFAn8bM1gzc/FOX2awLISvWe0PV8ptFKcon+wZ5qYkg=="
    },
    "mime-types": {
      "version": "2.1.22",
      "resolved": "https://registry.npmjs.org/mime-types/-/mime-types-2.1.22.tgz",
      "integrity": "sha512-aGl6TZGnhm/li6F7yx82bJiBZwgiEa4Hf6CNr8YO+r5UHr53tSTYZb102zyU50DOWWKeOv0uQLRL0/9EiKWCog==",
      "requires": {
        "mime-db": "1.38.0"
      }
    },
    "mobx": {
      "version": "5.9.4",
      "resolved": "https://registry.npmjs.org/mobx/-/mobx-5.9.4.tgz",
      "integrity": "sha512-L9JjTX2rtQUAhCIgnHokfntNOsF14uioT9LqStf6Mya+16j56ZBe21E8Y9V59tfr2aH2kLQPD10qtCJXBuTAxw=="
    },
    "node-fetch": {
      "version": "2.3.0",
      "resolved": "https://registry.npmjs.org/node-fetch/-/node-fetch-2.3.0.tgz",
      "integrity": "sha512-MOd8pV3fxENbryESLgVIeaGKrdl+uaYhCSSVkjeOb/31/njTpcis5aWfdqgNlHIrKOLRbMnfPINPOML2CIFeXA=="
    },
    "tslib": {
      "version": "1.9.3",
      "resolved": "https://registry.npmjs.org/tslib/-/tslib-1.9.3.tgz",
      "integrity": "sha512-4krF8scpejhaOgqzBEcGM7yDIEfi0/8+8zDRZhNZZ2kjmHJ4hv3zCbQWxoJGz1iw5U0Jl0nma13xzHXcncMavQ=="
    },
    "tslint-clean-code": {
      "version": "0.2.9",
      "resolved": "https://registry.npmjs.org/tslint-clean-code/-/tslint-clean-code-0.2.9.tgz",
      "integrity": "sha512-h9BqZIUsvqtns46IIto5fbouaERFd9Iu0NupTZ9s80frdm5eGhOWDp2VjfOx4LqgnvchMFX1xrj+dfWs4bVYog==",
      "dev": true,
      "requires": {
        "memoize-decorator": "1.0.2",
        "tsutils": "2.7.1"
      }
    },
    "tsutils": {
      "version": "2.7.1",
      "resolved": "https://registry.npmjs.org/tsutils/-/tsutils-2.7.1.tgz",
      "integrity": "sha1-QRoOlGZSWisoaSYKVWINcpIVXiQ=",
      "dev": true,
      "requires": {
        "tslib": "1.9.3"
      }
    }
  }
}
